
Microsoft Visual Studio Solution File, Format Version 12.00
# Visual Studio Version 17
VisualStudioVersion = 17.14.37411.7 d17.14
MinimumVisualStudioVersion = 10.0.40219.1
Project("{FAE04EC0-301F-11D3-BF4B-00C04F79EFBC}") = "Password_Generator", "Password_Generator\Password_Generator.csproj", "{2144C44B-C2ED-4240-9B27-698B3C549771}"
EndProject
Global
	GlobalSection(SolutionConfigurationPlatforms) = preSolution
		Debug|Any CPU = Debug|Any CPU
		Release|Any CPU = Release|Any CPU
	EndGlobalSection
	GlobalSection(ProjectConfigurationPlatforms) = postSolution
		{2144C44B-C2ED-4240-9B27-698B3C549771}.Debug|Any CPU.ActiveCfg = Debug|Any CPU
		{2144C44B-C2ED-4240-9B27-698B3C549771}.Debug|Any CPU.Build.0 = Debug|Any CPU
		{2144C44B-C2ED-4240-9B27-698B3C549771}.Release|Any CPU.ActiveCfg = Release|Any CPU
		{2144C44B-C2ED-4240-9B27-698B3C549771}.Release|Any CPU.Build.0 = Release|Any CPU
	EndGlobalSection
	GlobalSection(SolutionProperties) = preSolution
		HideSolutionNode = FALSE
	EndGlobalSection
	GlobalSection(ExtensibilityGlobals) = postSolution
		SolutionGuid = {5054F22F-1831-4701-AB92-1753B7D51A83}
	EndGlobalSection
EndGlobal
